{
  "requires": true,
  "lockfileVersion": 1,
  "dependencies": {
    "multiselect-react-dropdown": {
      "version": "2.0.25",
      "resolved": "https://registry.npmjs.org/multiselect-react-dropdown/-/multiselect-react-dropdown-2.0.25.tgz",
      "integrity": "sha512-z8kUSyBNOuV7vn4Dk35snzXWtIfTdSEEXhgDdLMvOmR+xJFx35vc1voUlSuOvrk3khb+hXC219Qs9szOvNm25Q=="
    }
  }
}
